
Microsoft Visual Studio Solution File, Format Version 12.00
# Visual Studio Version 16
VisualStudioVersion = 16.0.31424.327
MinimumVisualStudioVersion = 10.0.40219.1
Project("{9A19103F-16F7-4668-BE54-9A1E7A4F7556}") = "materialEstimatorCondensed", "materialEstimatorCondensed\materialEstimatorCondensed.csproj", "{DA7F124F-615A-4C4B-BBE2-F3960E8A1232}"
EndProject
Project("{FAE04EC0-301F-11D3-BF4B-00C04F79EFBC}") = "materialEstimatorCondensed.Test", "materialEstimatorCondensed.Test\materialEstimatorCondensed.Test.csproj", "{13C868DF-5A90-4DB3-8E6B-B517894ED947}"
EndProject
Global
	GlobalSection(SolutionConfigurationPlatforms) = preSolution
		Debug|Any CPU = Debug|Any CPU
		Release|Any CPU = Release|Any CPU
	EndGlobalSection
	GlobalSection(ProjectConfigurationPlatforms) = postSolution
		{DA7F124F-615A-4C4B-BBE2-F3960E8A1232}.Debug|Any CPU.ActiveCfg = Debug|Any CPU
		{DA7F124F-615A-4C4B-BBE2-F3960E8A1232}.Debug|Any CPU.Build.0 = Debug|Any CPU
		{DA7F124F-615A-4C4B-BBE2-F3960E8A1232}.Release|Any CPU.ActiveCfg = Release|Any CPU
		{DA7F124F-615A-4C4B-BBE2-F3960E8A1232}.Release|Any CPU.Build.0 = Release|Any CPU
		{13C868DF-5A90-4DB3-8E6B-B517894ED947}.Debug|Any CPU.ActiveCfg = Debug|Any CPU
		{13C868DF-5A90-4DB3-8E6B-B517894ED947}.Debug|Any CPU.Build.0 = Debug|Any CPU
		{13C868DF-5A90-4DB3-8E6B-B517894ED947}.Release|Any CPU.ActiveCfg = Release|Any CPU
		{13C868DF-5A90-4DB3-8E6B-B517894ED947}.Release|Any CPU.Build.0 = Release|Any CPU
	EndGlobalSection
	GlobalSection(SolutionProperties) = preSolution
		HideSolutionNode = FALSE
	EndGlobalSection
	GlobalSection(ExtensibilityGlobals) = postSolution
		SolutionGuid = {2769B4DE-4237-4E4D-95A7-BE5EA8F68267}
	EndGlobalSection
EndGlobal
